
Microsoft Visual Studio Solution File, Format Version 12.00
# Visual Studio Version 17
VisualStudioVersion = 17.14.36414.22
MinimumVisualStudioVersion = 10.0.40219.1
Project("{2150E333-8FDC-42A3-9474-1A3956D46DE8}") = "Task0", "Task0", "{02EA681E-C7D8-13C7-8484-4AC65E1B71E8}"
EndProject
Project("{FAE04EC0-301F-11D3-BF4B-00C04F79EFBC}") = "Tyuiu.NeupokoevSV.Sprint4.Task0.V24", "Tyuiu.NeupokoevSV.Sprint4.Task0.V24\Tyuiu.NeupokoevSV.Sprint4.Task0.V24.csproj", "{72A85141-3425-4336-A666-A45F1852107F}"
EndProject
Project("{FAE04EC0-301F-11D3-BF4B-00C04F79EFBC}") = "Tyuiu.NeupokoevSV.Sprint4.Task0.V24.Lib", "Tyuiu.NeupokoevSV.Sprint4.Task0.V24.Lib\Tyuiu.NeupokoevSV.Sprint4.Task0.V24.Lib.csproj", "{C01DF527-08A1-45A2-9663-52E5E25E1D7A}"
EndProject
Project("{FAE04EC0-301F-11D3-BF4B-00C04F79EFBC}") = "Tyuiu.NeupokoevSV.Sprint4.Task0.V24.Test", "Tyuiu.NeupokoevSV.Sprint4.Task0.V24.Test\Tyuiu.NeupokoevSV.Sprint4.Task0.V24.Test.csproj", "{E1DED256-BC79-4928-B0CC-33D87F459756}"
EndProject
Project("{2150E333-8FDC-42A3-9474-1A3956D46DE8}") = "Task1", "Task1", "{FD711440-80BF-4726-A96D-2619F41A1860}"
EndProject
Project("{FAE04EC0-301F-11D3-BF4B-00C04F79EFBC}") = "Tyuiu.NeupokoevSV.Sprint4.Task1.V13", "Tyuiu.NeupokoevSV.Sprint4.Task1.V13\Tyuiu.NeupokoevSV.Sprint4.Task1.V13.csproj", "{0D9AC2ED-5B8E-4C90-A522-55A8362EB113}"
EndProject
Project("{FAE04EC0-301F-11D3-BF4B-00C04F79EFBC}") = "Tyuiu.NeupokoevSV.Sprint4.Task1.V13.Lib", "Tyuiu.NeupokoevSV.Sprint4.Task1.V13.Lib\Tyuiu.NeupokoevSV.Sprint4.Task1.V13.Lib.csproj", "{87560979-2D5E-4377-88EE-DD87DB389E9A}"
EndProject
Project("{FAE04EC0-301F-11D3-BF4B-00C04F79EFBC}") = "Tyuiu.NeupokoevSV.Sprint4.Task1.V13.Test", "Tyuiu.NeupokoevSV.Sprint4.Task1.V13.Test\Tyuiu.NeupokoevSV.Sprint4.Task1.V13.Test.csproj", "{3D556131-092E-41BB-B4B6-CBAC3B0CF9ED}"
EndProject
Project("{2150E333-8FDC-42A3-9474-1A3956D46DE8}") = "Task2", "Task2", "{D6448325-A0C8-4051-8D60-199D674C7796}"
EndProject
Project("{FAE04EC0-301F-11D3-BF4B-00C04F79EFBC}") = "Tyuiu.NeupokoevSV.Sprint4.Task2.V22", "Tyuiu.NeupokoevSV.Sprint4.Task2.V22\Tyuiu.NeupokoevSV.Sprint4.Task2.V22.csproj", "{CA580050-1784-480A-B9AF-DC9806C82603}"
EndProject
Project("{FAE04EC0-301F-11D3-BF4B-00C04F79EFBC}") = "Tyuiu.NeupokoevSV.Sprint4.Task2.V22.Lib", "Tyuiu.NeupokoevSV.Sprint4.Task2.V22.Lib\Tyuiu.NeupokoevSV.Sprint4.Task2.V22.Lib.csproj", "{E0E729DF-2422-4EB7-B85F-69AAED239FBD}"
EndProject
Project("{FAE04EC0-301F-11D3-BF4B-00C04F79EFBC}") = "Tyuiu.NeupokoevSV.Sprint4.Task2.V22.Test", "Tyuiu.NeupokoevSV.Sprint4.Task2.V22.Test\Tyuiu.NeupokoevSV.Sprint4.Task2.V22.Test.csproj", "{D1BA7D30-9B20-4551-A821-23304A1AC9F3}"
EndProject
Project("{2150E333-8FDC-42A3-9474-1A3956D46DE8}") = "Task3", "Task3", "{F435966D-F227-45E0-B174-E963C6D97575}"
EndProject
Project("{FAE04EC0-301F-11D3-BF4B-00C04F79EFBC}") = "Tyuiu.NeupokoevSV.Sprint4.Task3.V18", "Tyuiu.NeupokoevSV.Sprint4.Task3.V18\Tyuiu.NeupokoevSV.Sprint4.Task3.V18.csproj", "{4BA4B64B-57B8-4430-AC6C-AAE342410D0C}"
EndProject
Project("{FAE04EC0-301F-11D3-BF4B-00C04F79EFBC}") = "Tyuiu.NeupokoevSV.Sprint4.Task3.V18.Lib", "Tyuiu.NeupokoevSV.Sprint4.Task3.V18.Lib\Tyuiu.NeupokoevSV.Sprint4.Task3.V18.Lib.csproj", "{F649B96C-EB58-403C-8E60-2BC6BE30AEBE}"
EndProject
Project("{FAE04EC0-301F-11D3-BF4B-00C04F79EFBC}") = "Tyuiu.NeupokoevSV.Sprint4.Task3.V18.Test", "Tyuiu.NeupokoevSV.Sprint4.Task3.V18.Test\Tyuiu.NeupokoevSV.Sprint4.Task3.V18.Test.csproj", "{3B47A478-BF9B-40EF-A0CB-A233AD8BF905}"
EndProject
Project("{2150E333-8FDC-42A3-9474-1A3956D46DE8}") = "Task4", "Task4", "{5D52FEE5-0C1C-42A1-A324-3A9CFE51BC78}"
EndProject
Project("{FAE04EC0-301F-11D3-BF4B-00C04F79EFBC}") = "Tyuiu.NeupokoevSV.Sprint4.Task4.V23", "Tyuiu.NeupokoevSV.Sprint4.Task4.V23\Tyuiu.NeupokoevSV.Sprint4.Task4.V23.csproj", "{C4918922-8156-44C8-887A-E223F3CE8121}"
EndProject
Project("{FAE04EC0-301F-11D3-BF4B-00C04F79EFBC}") = "Tyuiu.NeupokoevSV.Sprint4.Task4.V23.Lib", "Tyuiu.NeupokoevSV.Sprint4.Task4.V23.Lib\Tyuiu.NeupokoevSV.Sprint4.Task4.V23.Lib.csproj", "{8C44238B-AF31-4AAB-A38A-C596D6500A36}"
EndProject
Project("{FAE04EC0-301F-11D3-BF4B-00C04F79EFBC}") = "Tyuiu.NeupokoevSV.Sprint4.Task4.V23.Test", "Tyuiu.NeupokoevSV.Sprint4.Task4.V23.Test\Tyuiu.NeupokoevSV.Sprint4.Task4.V23.Test.csproj", "{5D05BA94-D388-4D36-A205-3144010358A4}"
EndProject
Global
	GlobalSection(SolutionConfigurationPlatforms) = preSolution
		Debug|Any CPU = Debug|Any CPU
		Release|Any CPU = Release|Any CPU
	EndGlobalSection
	GlobalSection(ProjectConfigurationPlatforms) = postSolution
		{72A85141-3425-4336-A666-A45F1852107F}.Debug|Any CPU.ActiveCfg = Debug|Any CPU
		{72A85141-3425-4336-A666-A45F1852107F}.Debug|Any CPU.Build.0 = Debug|Any CPU
		{72A85141-3425-4336-A666-A45F1852107F}.Release|Any CPU.ActiveCfg = Release|Any CPU
		{72A85141-3425-4336-A666-A45F1852107F}.Release|Any CPU.Build.0 = Release|Any CPU
		{C01DF527-08A1-45A2-9663-52E5E25E1D7A}.Debug|Any CPU.ActiveCfg = Debug|Any CPU
		{C01DF527-08A1-45A2-9663-52E5E25E1D7A}.Debug|Any CPU.Build.0 = Debug|Any CPU
		{C01DF527-08A1-45A2-9663-52E5E25E1D7A}.Release|Any CPU.ActiveCfg = Release|Any CPU
		{C01DF527-08A1-45A2-9663-52E5E25E1D7A}.Release|Any CPU.Build.0 = Release|Any CPU
		{E1DED256-BC79-4928-B0CC-33D87F459756}.Debug|Any CPU.ActiveCfg = Debug|Any CPU
		{E1DED256-BC79-4928-B0CC-33D87F459756}.Debug|Any CPU.Build.0 = Debug|Any CPU
		{E1DED256-BC79-4928-B0CC-33D87F459756}.Release|Any CPU.ActiveCfg = Release|Any CPU
		{E1DED256-BC79-4928-B0CC-33D87F459756}.Release|Any CPU.Build.0 = Release|Any CPU
		{0D9AC2ED-5B8E-4C90-A522-55A8362EB113}.Debug|Any CPU.ActiveCfg = Debug|Any CPU
		{0D9AC2ED-5B8E-4C90-A522-55A8362EB113}.Debug|Any CPU.Build.0 = Debug|Any CPU
		{0D9AC2ED-5B8E-4C90-A522-55A8362EB113}.Release|Any CPU.ActiveCfg = Release|Any CPU
		{0D9AC2ED-5B8E-4C90-A522-55A8362EB113}.Release|Any CPU.Build.0 = Release|Any CPU
		{87560979-2D5E-4377-88EE-DD87DB389E9A}.Debug|Any CPU.ActiveCfg = Debug|Any CPU
		{87560979-2D5E-4377-88EE-DD87DB389E9A}.Debug|Any CPU.Build.0 = Debug|Any CPU
		{87560979-2D5E-4377-88EE-DD87DB389E9A}.Release|Any CPU.ActiveCfg = Release|Any CPU
		{87560979-2D5E-4377-88EE-DD87DB389E9A}.Release|Any CPU.Build.0 = Release|Any CPU
		{3D556131-092E-41BB-B4B6-CBAC3B0CF9ED}.Debug|Any CPU.ActiveCfg = Debug|Any CPU
		{3D556131-092E-41BB-B4B6-CBAC3B0CF9ED}.Debug|Any CPU.Build.0 = Debug|Any CPU
		{3D556131-092E-41BB-B4B6-CBAC3B0CF9ED}.Release|Any CPU.ActiveCfg = Release|Any CPU
		{3D556131-092E-41BB-B4B6-CBAC3B0CF9ED}.Release|Any CPU.Build.0 = Release|Any CPU
		{CA580050-1784-480A-B9AF-DC9806C82603}.Debug|Any CPU.ActiveCfg = Debug|Any CPU
		{CA580050-1784-480A-B9AF-DC9806C82603}.Debug|Any CPU.Build.0 = Debug|Any CPU
		{CA580050-1784-480A-B9AF-DC9806C82603}.Release|Any CPU.ActiveCfg = Release|Any CPU
		{CA580050-1784-480A-B9AF-DC9806C82603}.Release|Any CPU.Build.0 = Release|Any CPU
		{E0E729DF-2422-4EB7-B85F-69AAED239FBD}.Debug|Any CPU.ActiveCfg = Debug|Any CPU
		{E0E729DF-2422-4EB7-B85F-69AAED239FBD}.Debug|Any CPU.Build.0 = Debug|Any CPU
		{E0E729DF-2422-4EB7-B85F-69AAED239FBD}.Release|Any CPU.ActiveCfg = Release|Any CPU
		{E0E729DF-2422-4EB7-B85F-69AAED239FBD}.Release|Any CPU.Build.0 = Release|Any CPU
		{D1BA7D30-9B20-4551-A821-23304A1AC9F3}.Debug|Any CPU.ActiveCfg = Debug|Any CPU
		{D1BA7D30-9B20-4551-A821-23304A1AC9F3}.Debug|Any CPU.Build.0 = Debug|Any CPU
		{D1BA7D30-9B20-4551-A821-23304A1AC9F3}.Release|Any CPU.ActiveCfg = Release|Any CPU
		{D1BA7D30-9B20-4551-A821-23304A1AC9F3}.Release|Any CPU.Build.0 = Release|Any CPU
		{4BA4B64B-57B8-4430-AC6C-AAE342410D0C}.Debug|Any CPU.ActiveCfg = Debug|Any CPU
		{4BA4B64B-57B8-4430-AC6C-AAE342410D0C}.Debug|Any CPU.Build.0 = Debug|Any CPU
		{4BA4B64B-57B8-4430-AC6C-AAE342410D0C}.Release|Any CPU.ActiveCfg = Release|Any CPU
		{4BA4B64B-57B8-4430-AC6C-AAE342410D0C}.Release|Any CPU.Build.0 = Release|Any CPU
		{F649B96C-EB58-403C-8E60-2BC6BE30AEBE}.Debug|Any CPU.ActiveCfg = Debug|Any CPU
		{F649B96C-EB58-403C-8E60-2BC6BE30AEBE}.Debug|Any CPU.Build.0 = Debug|Any CPU
		{F649B96C-EB58-403C-8E60-2BC6BE30AEBE}.Release|Any CPU.ActiveCfg = Release|Any CPU
		{F649B96C-EB58-403C-8E60-2BC6BE30AEBE}.Release|Any CPU.Build.0 = Release|Any CPU
		{3B47A478-BF9B-40EF-A0CB-A233AD8BF905}.Debug|Any CPU.ActiveCfg = Debug|Any CPU
		{3B47A478-BF9B-40EF-A0CB-A233AD8BF905}.Debug|Any CPU.Build.0 = Debug|Any CPU
		{3B47A478-BF9B-40EF-A0CB-A233AD8BF905}.Release|Any CPU.ActiveCfg = Release|Any CPU
		{3B47A478-BF9B-40EF-A0CB-A233AD8BF905}.Release|Any CPU.Build.0 = Release|Any CPU
		{C4918922-8156-44C8-887A-E223F3CE8121}.Debug|Any CPU.ActiveCfg = Debug|Any CPU
		{C4918922-8156-44C8-887A-E223F3CE8121}.Debug|Any CPU.Build.0 = Debug|Any CPU
		{C4918922-8156-44C8-887A-E223F3CE8121}.Release|Any CPU.ActiveCfg = Release|Any CPU
		{C4918922-8156-44C8-887A-E223F3CE8121}.Release|Any CPU.Build.0 = Release|Any CPU
		{8C44238B-AF31-4AAB-A38A-C596D6500A36}.Debug|Any CPU.ActiveCfg = Debug|Any CPU
		{8C44238B-AF31-4AAB-A38A-C596D6500A36}.Debug|Any CPU.Build.0 = Debug|Any CPU
		{8C44238B-AF31-4AAB-A38A-C596D6500A36}.Release|Any CPU.ActiveCfg = Release|Any CPU
		{8C44238B-AF31-4AAB-A38A-C596D6500A36}.Release|Any CPU.Build.0 = Release|Any CPU
		{5D05BA94-D388-4D36-A205-3144010358A4}.Debug|Any CPU.ActiveCfg = Debug|Any CPU
		{5D05BA94-D388-4D36-A205-3144010358A4}.Debug|Any CPU.Build.0 = Debug|Any CPU
		{5D05BA94-D388-4D36-A205-3144010358A4}.Release|Any CPU.ActiveCfg = Release|Any CPU
		{5D05BA94-D388-4D36-A205-3144010358A4}.Release|Any CPU.Build.0 = Release|Any CPU
	EndGlobalSection
	GlobalSection(SolutionProperties) = preSolution
		HideSolutionNode = FALSE
	EndGlobalSection
	GlobalSection(NestedProjects) = preSolution
		{72A85141-3425-4336-A666-A45F1852107F} = {02EA681E-C7D8-13C7-8484-4AC65E1B71E8}
		{C01DF527-08A1-45A2-9663-52E5E25E1D7A} = {02EA681E-C7D8-13C7-8484-4AC65E1B71E8}
		{E1DED256-BC79-4928-B0CC-33D87F459756} = {02EA681E-C7D8-13C7-8484-4AC65E1B71E8}
		{0D9AC2ED-5B8E-4C90-A522-55A8362EB113} = {FD711440-80BF-4726-A96D-2619F41A1860}
		{87560979-2D5E-4377-88EE-DD87DB389E9A} = {FD711440-80BF-4726-A96D-2619F41A1860}
		{3D556131-092E-41BB-B4B6-CBAC3B0CF9ED} = {FD711440-80BF-4726-A96D-2619F41A1860}
		{CA580050-1784-480A-B9AF-DC9806C82603} = {D6448325-A0C8-4051-8D60-199D674C7796}
		{E0E729DF-2422-4EB7-B85F-69AAED239FBD} = {D6448325-A0C8-4051-8D60-199D674C7796}
		{D1BA7D30-9B20-4551-A821-23304A1AC9F3} = {D6448325-A0C8-4051-8D60-199D674C7796}
		{4BA4B64B-57B8-4430-AC6C-AAE342410D0C} = {F435966D-F227-45E0-B174-E963C6D97575}
		{F649B96C-EB58-403C-8E60-2BC6BE30AEBE} = {F435966D-F227-45E0-B174-E963C6D97575}
		{3B47A478-BF9B-40EF-A0CB-A233AD8BF905} = {F435966D-F227-45E0-B174-E963C6D97575}
		{C4918922-8156-44C8-887A-E223F3CE8121} = {5D52FEE5-0C1C-42A1-A324-3A9CFE51BC78}
		{8C44238B-AF31-4AAB-A38A-C596D6500A36} = {5D52FEE5-0C1C-42A1-A324-3A9CFE51BC78}
		{5D05BA94-D388-4D36-A205-3144010358A4} = {5D52FEE5-0C1C-42A1-A324-3A9CFE51BC78}
	EndGlobalSection
	GlobalSection(ExtensibilityGlobals) = postSolution
		SolutionGuid = {3BF478C0-D287-423B-8529-DB7BBDA1AF1B}
	EndGlobalSection
EndGlobal
